
Microsoft Visual Studio Solution File, Format Version 12.00
Project("{FAE04EC0-301F-11D3-BF4B-00C04F79EFBC}") = "AvaloniaTestApp", "AvaloniaTestApp\AvaloniaTestApp.csproj", "{EC6251A0-B72F-43F2-8712-49F32A19E903}"
EndProject
Global
	GlobalSection(SolutionConfigurationPlatforms) = preSolution
		Debug|Any CPU = Debug|Any CPU
		Release|Any CPU = Release|Any CPU
	EndGlobalSection
	GlobalSection(ProjectConfigurationPlatforms) = postSolution
		{EC6251A0-B72F-43F2-8712-49F32A19E903}.Debug|Any CPU.ActiveCfg = Debug|Any CPU
		{EC6251A0-B72F-43F2-8712-49F32A19E903}.Debug|Any CPU.Build.0 = Debug|Any CPU
		{EC6251A0-B72F-43F2-8712-49F32A19E903}.Release|Any CPU.ActiveCfg = Release|Any CPU
		{EC6251A0-B72F-43F2-8712-49F32A19E903}.Release|Any CPU.Build.0 = Release|Any CPU
	EndGlobalSection
EndGlobal
